// !$*UTF8*$!
{
	archiveVersion = 1;
	classes = {
	};
	objectVersion = 46;
	objects = {

/* Begin PBXBuildFile section */
		B424ACB91C28769A001C05A1 /* main.m in Sources */ = {isa = PBXBuildFile; fileRef = B424ACB81C28769A001C05A1 /* main.m */; };
		B424ACBC1C28769A001C05A1 /* AppDelegate.m in Sources */ = {isa = PBXBuildFile; fileRef = B424ACBB1C28769A001C05A1 /* AppDelegate.m */; };
		B424ACC51C28769A001C05A1 /* Main.storyboard in Resources */ = {isa = PBXBuildFile; fileRef = B424ACC31C28769A001C05A1 /* Main.storyboard */; };
		B424ACC71C28769A001C05A1 /* Assets.xcassets in Resources */ = {isa = PBXBuildFile; fileRef = B424ACC61C28769A001C05A1 /* Assets.xcassets */; };
		B424ACCA1C28769A001C05A1 /* LaunchScreen.storyboard in Resources */ = {isa = PBXBuildFile; fileRef = B424ACC81C28769A001C05A1 /* LaunchScreen.storyboard */; };
		B4D7E0F01C2877BE00ACAC3C /* PonyFaceCategory.m in Sources */ = {isa = PBXBuildFile; fileRef = B4D7E0EF1C2877BE00ACAC3C /* PonyFaceCategory.m */; };
		B4D7E0F31C28784100ACAC3C /* PonyFace.m in Sources */ = {isa = PBXBuildFile; fileRef = B4D7E0F21C28784100ACAC3C /* PonyFace.m */; };
		B4D7E0F61C287B3700ACAC3C /* PonyFacesAPI.m in Sources */ = {isa = PBXBuildFile; fileRef = B4D7E0F51C287B3700ACAC3C /* PonyFacesAPI.m */; };
		B4D7E0F91C28810700ACAC3C /* PonyFacesTableViewController.m in Sources */ = {isa = PBXBuildFile; fileRef = B4D7E0F81C28810700ACAC3C /* PonyFacesTableViewController.m */; };
		B4D7E0FC1C28814D00ACAC3C /* PonyFaceTableViewCell.m in Sources */ = {isa = PBXBuildFile; fileRef = B4D7E0FB1C28814D00ACAC3C /* PonyFaceTableViewCell.m */; };
		B4D7E0FF1C2881AF00ACAC3C /* PonyFaceSearchResultsDataSource.m in Sources */ = {isa = PBXBuildFile; fileRef = B4D7E0FE1C2881AF00ACAC3C /* PonyFaceSearchResultsDataSource.m */; };
		B4D7E1021C2884E400ACAC3C /* SearchTagsViewController.m in Sources */ = {isa = PBXBuildFile; fileRef = B4D7E1011C2884E400ACAC3C /* SearchTagsViewController.m */; };
		B4D7E1051C28919C00ACAC3C /* PonyFaceDetailViewController.m in Sources */ = {isa = PBXBuildFile; fileRef = B4D7E1041C28919C00ACAC3C /* PonyFaceDetailViewController.m */; };
		CBF30C2EAF8A767C72E1FE9E /* libPods-PonyFaces.a in Frameworks */ = {isa = PBXBuildFile; fileRef = 603FBB8F15F98E55CFE95191 /* libPods-PonyFaces.a */; };
/* End PBXBuildFile section */

/* Begin PBXFileReference section */
		603FBB8F15F98E55CFE95191 /* libPods-PonyFaces.a */ = {isa = PBXFileReference; explicitFileType = archive.ar; includeInIndex = 0; path = "libPods-PonyFaces.a"; sourceTree = BUILT_PRODUCTS_DIR; };
		B424ACB41C28769A001C05A1 /* PonyFaces.app */ = {isa = PBXFileReference; explicitFileType = wrapper.application; includeInIndex = 0; path = PonyFaces.app; sourceTree = BUILT_PRODUCTS_DIR; };
		B424ACB81C28769A001C05A1 /* main.m */ = {isa = PBXFileReference; lastKnownFileType = sourcecode.c.objc; path = main.m; sourceTree = "<group>"; };
		B424ACBA1C28769A001C05A1 /* AppDelegate.h */ = {isa = PBXFileReference; lastKnownFileType = sourcecode.c.h; path = AppDelegate.h; sourceTree = "<group>"; };
		B424ACBB1C28769A001C05A1 /* AppDelegate.m */ = {isa = PBXFileReference; lastKnownFileType = sourcecode.c.objc; path = AppDelegate.m; sourceTree = "<group>"; };
		B424ACC41C28769A001C05A1 /* Base */ = {isa = PBXFileReference; lastKnownFileType = file.storyboard; name = Base; path = Base.lproj/Main.storyboard; sourceTree = "<group>"; };
		B424ACC61C28769A001C05A1 /* Assets.xcassets */ = {isa = PBXFileReference; lastKnownFileType = folder.assetcatalog; path = Assets.xcassets; sourceTree = "<group>"; };
		B424ACC91C28769A001C05A1 /* Base */ = {isa = PBXFileReference; lastKnownFileType = file.storyboard; name = Base; path = Base.lproj/LaunchScreen.storyboard; sourceTree = "<group>"; };
		B424ACCB1C28769A001C05A1 /* Info.plist */ = {isa = PBXFileReference; lastKnownFileType = text.plist.xml; path = Info.plist; sourceTree = "<group>"; };
		B424ACD11C2876E1001C05A1 /* Warnings.xcconfig */ = {isa = PBXFileReference; lastKnownFileType = text.xcconfig; path = Warnings.xcconfig; sourceTree = "<group>"; };
		B4D7E0EE1C2877BE00ACAC3C /* PonyFaceCategory.h */ = {isa = PBXFileReference; fileEncoding = 4; lastKnownFileType = sourcecode.c.h; path = PonyFaceCategory.h; sourceTree = "<group>"; };
		B4D7E0EF1C2877BE00ACAC3C /* PonyFaceCategory.m */ = {isa = PBXFileReference; fileEncoding = 4; lastKnownFileType = sourcecode.c.objc; path = PonyFaceCategory.m; sourceTree = "<group>"; };
		B4D7E0F11C28784100ACAC3C /* PonyFace.h */ = {isa = PBXFileReference; fileEncoding = 4; lastKnownFileType = sourcecode.c.h; path = PonyFace.h; sourceTree = "<group>"; };
		B4D7E0F21C28784100ACAC3C /* PonyFace.m */ = {isa = PBXFileReference; fileEncoding = 4; lastKnownFileType = sourcecode.c.objc; path = PonyFace.m; sourceTree = "<group>"; };
		B4D7E0F41C287B3700ACAC3C /* PonyFacesAPI.h */ = {isa = PBXFileReference; fileEncoding = 4; lastKnownFileType = sourcecode.c.h; path = PonyFacesAPI.h; sourceTree = "<group>"; };
		B4D7E0F51C287B3700ACAC3C /* PonyFacesAPI.m */ = {isa = PBXFileReference; fileEncoding = 4; lastKnownFileType = sourcecode.c.objc; path = PonyFacesAPI.m; sourceTree = "<group>"; };
		B4D7E0F71C28810700ACAC3C /* PonyFacesTableViewController.h */ = {isa = PBXFileReference; fileEncoding = 4; lastKnownFileType = sourcecode.c.h; path = PonyFacesTableViewController.h; sourceTree = "<group>"; };
		B4D7E0F81C28810700ACAC3C /* PonyFacesTableViewController.m */ = {isa = PBXFileReference; fileEncoding = 4; lastKnownFileType = sourcecode.c.objc; path = PonyFacesTableViewController.m; sourceTree = "<group>"; };
		B4D7E0FA1C28814D00ACAC3C /* PonyFaceTableViewCell.h */ = {isa = PBXFileReference; fileEncoding = 4; lastKnownFileType = sourcecode.c.h; path = PonyFaceTableViewCell.h; sourceTree = "<group>"; };
		B4D7E0FB1C28814D00ACAC3C /* PonyFaceTableViewCell.m */ = {isa = PBXFileReference; fileEncoding = 4; lastKnownFileType = sourcecode.c.objc; path = PonyFaceTableViewCell.m; sourceTree = "<group>"; };
		B4D7E0FD1C2881AF00ACAC3C /* PonyFaceSearchResultsDataSource.h */ = {isa = PBXFileReference; fileEncoding = 4; lastKnownFileType = sourcecode.c.h; path = PonyFaceSearchResultsDataSource.h; sourceTree = "<group>"; };
		B4D7E0FE1C2881AF00ACAC3C /* PonyFaceSearchResultsDataSource.m */ = {isa = PBXFileReference; fileEncoding = 4; lastKnownFileType = sourcecode.c.objc; path = PonyFaceSearchResultsDataSource.m; sourceTree = "<group>"; };
		B4D7E1001C2884E400ACAC3C /* SearchTagsViewController.h */ = {isa = PBXFileReference; fileEncoding = 4; lastKnownFileType = sourcecode.c.h; path = SearchTagsViewController.h; sourceTree = "<group>"; };
		B4D7E1011C2884E400ACAC3C /* SearchTagsViewController.m */ = {isa = PBXFileReference; fileEncoding = 4; lastKnownFileType = sourcecode.c.objc; path = SearchTagsViewController.m; sourceTree = "<group>"; };
		B4D7E1031C28919C00ACAC3C /* PonyFaceDetailViewController.h */ = {isa = PBXFileReference; fileEncoding = 4; lastKnownFileType = sourcecode.c.h; path = PonyFaceDetailViewController.h; sourceTree = "<group>"; };
		B4D7E1041C28919C00ACAC3C /* PonyFaceDetailViewController.m */ = {isa = PBXFileReference; fileEncoding = 4; lastKnownFileType = sourcecode.c.objc; path = PonyFaceDetailViewController.m; sourceTree = "<group>"; };
		B6E42F6C27DF1F60B936C8ED /* Pods-PonyFaces.release.xcconfig */ = {isa = PBXFileReference; includeInIndex = 1; lastKnownFileType = text.xcconfig; name = "Pods-PonyFaces.release.xcconfig"; path = "Pods/Target Support Files/Pods-PonyFaces/Pods-PonyFaces.release.xcconfig"; sourceTree = "<group>"; };
		DCA0738139A4CAB430CC39FE /* Pods-PonyFaces.debug.xcconfig */ = {isa = PBXFileReference; includeInIndex = 1; lastKnownFileType = text.xcconfig; name = "Pods-PonyFaces.debug.xcconfig"; path = "Pods/Target Support Files/Pods-PonyFaces/Pods-PonyFaces.debug.xcconfig"; sourceTree = "<group>"; };
/* End PBXFileReference section */

/* Begin PBXFrameworksBuildPhase section */
		B424ACB11C28769A001C05A1 /* Frameworks */ = {
			isa = PBXFrameworksBuildPhase;
			buildActionMask = 2147483647;
			files = (
				CBF30C2EAF8A767C72E1FE9E /* libPods-PonyFaces.a in Frameworks */,
			);
			runOnlyForDeploymentPostprocessing = 0;
		};
/* End PBXFrameworksBuildPhase section */

/* Begin PBXGroup section */
		B424ACAB1C28769A001C05A1 = {
			isa = PBXGroup;
			children = (
				B424ACB61C28769A001C05A1 /* PonyFaces */,
				B424ACB51C28769A001C05A1 /* Products */,
				E03825BCE0E779F7F3B629DD /* Pods */,
				C72970DC69F85EC6086ADEE7 /* Frameworks */,
			);
			sourceTree = "<group>";
		};
		B424ACB51C28769A001C05A1 /* Products */ = {
			isa = PBXGroup;
			children = (
				B424ACB41C28769A001C05A1 /* PonyFaces.app */,
			);
			name = Products;
			sourceTree = "<group>";
		};
		B424ACB61C28769A001C05A1 /* PonyFaces */ = {
			isa = PBXGroup;
			children = (
				B424ACBA1C28769A001C05A1 /* AppDelegate.h */,
				B424ACBB1C28769A001C05A1 /* AppDelegate.m */,
				B424ACC61C28769A001C05A1 /* Assets.xcassets */,
				B424ACCB1C28769A001C05A1 /* Info.plist */,
				B424ACC81C28769A001C05A1 /* LaunchScreen.storyboard */,
				B424ACC31C28769A001C05A1 /* Main.storyboard */,
				B4D7E0F11C28784100ACAC3C /* PonyFace.h */,
				B4D7E0F21C28784100ACAC3C /* PonyFace.m */,
				B4D7E0EE1C2877BE00ACAC3C /* PonyFaceCategory.h */,
				B4D7E0EF1C2877BE00ACAC3C /* PonyFaceCategory.m */,
				B4D7E0F41C287B3700ACAC3C /* PonyFacesAPI.h */,
				B4D7E0F51C287B3700ACAC3C /* PonyFacesAPI.m */,
				B4D7E0FD1C2881AF00ACAC3C /* PonyFaceSearchResultsDataSource.h */,
				B4D7E0FE1C2881AF00ACAC3C /* PonyFaceSearchResultsDataSource.m */,
				B4D7E0F71C28810700ACAC3C /* PonyFacesTableViewController.h */,
				B4D7E0F81C28810700ACAC3C /* PonyFacesTableViewController.m */,
				B4D7E0FA1C28814D00ACAC3C /* PonyFaceTableViewCell.h */,
				B4D7E0FB1C28814D00ACAC3C /* PonyFaceTableViewCell.m */,
				B4D7E1001C2884E400ACAC3C /* SearchTagsViewController.h */,
				B4D7E1011C2884E400ACAC3C /* SearchTagsViewController.m */,
				B424ACB71C28769A001C05A1 /* Supporting Files */,
				B4D7E1031C28919C00ACAC3C /* PonyFaceDetailViewController.h */,
				B4D7E1041C28919C00ACAC3C /* PonyFaceDetailViewController.m */,
			);
			path = PonyFaces;
			sourceTree = "<group>";
		};
		B424ACB71C28769A001C05A1 /* Supporting Files */ = {
			isa = PBXGroup;
			children = (
				B424ACD11C2876E1001C05A1 /* Warnings.xcconfig */,
				B424ACB81C28769A001C05A1 /* main.m */,
			);
			name = "Supporting Files";
			sourceTree = "<group>";
		};
		C72970DC69F85EC6086ADEE7 /* Frameworks */ = {
			isa = PBXGroup;
			children = (
				603FBB8F15F98E55CFE95191 /* libPods-PonyFaces.a */,
			);
			name = Frameworks;
			sourceTree = "<group>";
		};
		E03825BCE0E779F7F3B629DD /* Pods */ = {
			isa = PBXGroup;
			children = (
				DCA0738139A4CAB430CC39FE /* Pods-PonyFaces.debug.xcconfig */,
				B6E42F6C27DF1F60B936C8ED /* Pods-PonyFaces.release.xcconfig */,
			);
			name = Pods;
			sourceTree = "<group>";
		};
/* End PBXGroup section */

/* Begin PBXNativeTarget section */
		B424ACB31C28769A001C05A1 /* PonyFaces */ = {
			isa = PBXNativeTarget;
			buildConfigurationList = B424ACCE1C28769A001C05A1 /* Build configuration list for PBXNativeTarget "PonyFaces" */;
			buildPhases = (
				6A2442458E3D95EA6C7F0F45 /* Check Pods Manifest.lock */,
				B424ACB01C28769A001C05A1 /* Sources */,
				B424ACB11C28769A001C05A1 /* Frameworks */,
				B424ACB21C28769A001C05A1 /* Resources */,
				062599B2E8E6DC06A6037C89 /* Embed Pods Frameworks */,
				CC90923C864A9768655CCF38 /* Copy Pods Resources */,
			);
			buildRules = (
			);
			dependencies = (
			);
			name = PonyFaces;
			productName = PonyFaces;
			productReference = B424ACB41C28769A001C05A1 /* PonyFaces.app */;
			productType = "com.apple.product-type.application";
		};
/* End PBXNativeTarget section */

/* Begin PBXProject section */
		B424ACAC1C28769A001C05A1 /* Project object */ = {
			isa = PBXProject;
			attributes = {
				LastUpgradeCheck = 0720;
				ORGANIZATIONNAME = "Andy Molloy";
				TargetAttributes = {
					B424ACB31C28769A001C05A1 = {
						CreatedOnToolsVersion = 7.2;
					};
				};
			};
			buildConfigurationList = B424ACAF1C28769A001C05A1 /* Build configuration list for PBXProject "PonyFaces" */;
			compatibilityVersion = "Xcode 3.2";
			developmentRegion = English;
			hasScannedForEncodings = 0;
			knownRegions = (
				en,
				Base,
			);
			mainGroup = B424ACAB1C28769A001C05A1;
			productRefGroup = B424ACB51C28769A001C05A1 /* Products */;
			projectDirPath = "";
			projectRoot = "";
			targets = (
				B424ACB31C28769A001C05A1 /* PonyFaces */,
			);
		};
/* End PBXProject section */

/* Begin PBXResourcesBuildPhase section */
		B424ACB21C28769A001C05A1 /* Resources */ = {
			isa = PBXResourcesBuildPhase;
			buildActionMask = 2147483647;
			files = (
				B424ACCA1C28769A001C05A1 /* LaunchScreen.storyboard in Resources */,
				B424ACC71C28769A001C05A1 /* Assets.xcassets in Resources */,
				B424ACC51C28769A001C05A1 /* Main.storyboard in Resources */,
			);
			runOnlyForDeploymentPostprocessing = 0;
		};
/* End PBXResourcesBuildPhase section */

/* Begin PBXShellScriptBuildPhase section */
		062599B2E8E6DC06A6037C89 /* Embed Pods Frameworks */ = {
			isa = PBXShellScriptBuildPhase;
			buildActionMask = 2147483647;
			files = (
			);
			inputPaths = (
			);
			name = "Embed Pods Frameworks";
			outputPaths = (
			);
			runOnlyForDeploymentPostprocessing = 0;
			shellPath = /bin/sh;
			shellScript = "\"${SRCROOT}/Pods/Target Support Files/Pods-PonyFaces/Pods-PonyFaces-frameworks.sh\"\n";
			showEnvVarsInLog = 0;
		};
		6A2442458E3D95EA6C7F0F45 /* Check Pods Manifest.lock */ = {
			isa = PBXShellScriptBuildPhase;
			buildActionMask = 2147483647;
			files = (
			);
			inputPaths = (
			);
			name = "Check Pods Manifest.lock";
			outputPaths = (
			);
			runOnlyForDeploymentPostprocessing = 0;
			shellPath = /bin/sh;
			shellScript = "diff \"${PODS_ROOT}/../Podfile.lock\" \"${PODS_ROOT}/Manifest.lock\" > /dev/null\nif [[ $? != 0 ]] ; then\n    cat << EOM\nerror: The sandbox is not in sync with the Podfile.lock. Run 'pod install' or update your CocoaPods installation.\nEOM\n    exit 1\nfi\n";
			showEnvVarsInLog = 0;
		};
		CC90923C864A9768655CCF38 /* Copy Pods Resources */ = {
			isa = PBXShellScriptBuildPhase;
			buildActionMask = 2147483647;
			files = (
			);
			inputPaths = (
			);
			name = "Copy Pods Resources";
			outputPaths = (
			);
			runOnlyForDeploymentPostprocessing = 0;
			shellPath = /bin/sh;
			shellScript = "\"${SRCROOT}/Pods/Target Support Files/Pods-PonyFaces/Pods-PonyFaces-resources.sh\"\n";
			showEnvVarsInLog = 0;
		};
/* End PBXShellScriptBuildPhase section */

/* Begin PBXSourcesBuildPhase section */
		B424ACB01C28769A001C05A1 /* Sources */ = {
			isa = PBXSourcesBuildPhase;
			buildActionMask = 2147483647;
			files = (
				B4D7E0F91C28810700ACAC3C /* PonyFacesTableViewController.m in Sources */,
				B424ACBC1C28769A001C05A1 /* AppDelegate.m in Sources */,
				B4D7E0F61C287B3700ACAC3C /* PonyFacesAPI.m in Sources */,
				B4D7E0F01C2877BE00ACAC3C /* PonyFaceCategory.m in Sources */,
				B4D7E1051C28919C00ACAC3C /* PonyFaceDetailViewController.m in Sources */,
				B4D7E0FF1C2881AF00ACAC3C /* PonyFaceSearchResultsDataSource.m in Sources */,
				B4D7E0F31C28784100ACAC3C /* PonyFace.m in Sources */,
				B424ACB91C28769A001C05A1 /* main.m in Sources */,
				B4D7E0FC1C28814D00ACAC3C /* PonyFaceTableViewCell.m in Sources */,
				B4D7E1021C2884E400ACAC3C /* SearchTagsViewController.m in Sources */,
			);
			runOnlyForDeploymentPostprocessing = 0;
		};
/* End PBXSourcesBuildPhase section */

/* Begin PBXVariantGroup section */
		B424ACC31C28769A001C05A1 /* Main.storyboard */ = {
			isa = PBXVariantGroup;
			children = (
				B424ACC41C28769A001C05A1 /* Base */,
			);
			name = Main.storyboard;
			sourceTree = "<group>";
		};
		B424ACC81C28769A001C05A1 /* LaunchScreen.storyboard */ = {
			isa = PBXVariantGroup;
			children = (
				B424ACC91C28769A001C05A1 /* Base */,
			);
			name = LaunchScreen.storyboard;
			sourceTree = "<group>";
		};
/* End PBXVariantGroup section */

/* Begin XCBuildConfiguration section */
		B424ACCC1C28769A001C05A1 /* Debug */ = {
			isa = XCBuildConfiguration;
			baseConfigurationReference = B424ACD11C2876E1001C05A1 /* Warnings.xcconfig */;
			buildSettings = {
				ALWAYS_SEARCH_USER_PATHS = NO;
				CLANG_CXX_LANGUAGE_STANDARD = "gnu++0x";
				CLANG_CXX_LIBRARY = "libc++";
				CLANG_ENABLE_MODULES = YES;
				CLANG_ENABLE_OBJC_ARC = YES;
				CLANG_WARN_BOOL_CONVERSION = YES;
				CLANG_WARN_CONSTANT_CONVERSION = YES;
				CLANG_WARN_DIRECT_OBJC_ISA_USAGE = YES_ERROR;
				CLANG_WARN_EMPTY_BODY = YES;
				CLANG_WARN_ENUM_CONVERSION = YES;
				CLANG_WARN_INT_CONVERSION = YES;
				CLANG_WARN_OBJC_ROOT_CLASS = YES_ERROR;
				CLANG_WARN_UNREACHABLE_CODE = YES;
				CLANG_WARN__DUPLICATE_METHOD_MATCH = YES;
				"CODE_SIGN_IDENTITY[sdk=iphoneos*]" = "iPhone Developer";
				COPY_PHASE_STRIP = NO;
				DEBUG_INFORMATION_FORMAT = dwarf;
				ENABLE_STRICT_OBJC_MSGSEND = YES;
				ENABLE_TESTABILITY = YES;
				GCC_C_LANGUAGE_STANDARD = gnu99;
				GCC_DYNAMIC_NO_PIC = NO;
				GCC_NO_COMMON_BLOCKS = YES;
				GCC_OPTIMIZATION_LEVEL = 0;
				GCC_PREPROCESSOR_DEFINITIONS = (
					"DEBUG=1",
					"$(inherited)",
				);
				GCC_WARN_64_TO_32_BIT_CONVERSION = YES;
				GCC_WARN_ABOUT_RETURN_TYPE = YES_ERROR;
				GCC_WARN_UNDECLARED_SELECTOR = YES;
				GCC_WARN_UNINITIALIZED_AUTOS = YES_AGGRESSIVE;
				GCC_WARN_UNUSED_FUNCTION = YES;
				GCC_WARN_UNUSED_VARIABLE = YES;
				IPHONEOS_DEPLOYMENT_TARGET = 9.2;
				MTL_ENABLE_DEBUG_INFO = YES;
				ONLY_ACTIVE_ARCH = YES;
				SDKROOT = iphoneos;
			};
			name = Debug;
		};
		B424ACCD1C28769A001C05A1 /* Release */ = {
			isa = XCBuildConfiguration;
			baseConfigurationReference = B424ACD11C2876E1001C05A1 /* Warnings.xcconfig */;
			buildSettings = {
				ALWAYS_SEARCH_USER_PATHS = NO;
				CLANG_CXX_LANGUAGE_STANDARD = "gnu++0x";
				CLANG_CXX_LIBRARY = "libc++";
				CLANG_ENABLE_MODULES = YES;
				CLANG_ENABLE_OBJC_ARC = YES;
				CLANG_WARN_BOOL_CONVERSION = YES;
				CLANG_WARN_CONSTANT_CONVERSION = YES;
				CLANG_WARN_DIRECT_OBJC_ISA_USAGE = YES_ERROR;
				CLANG_WARN_EMPTY_BODY = YES;
				CLANG_WARN_ENUM_CONVERSION = YES;
				CLANG_WARN_INT_CONVERSION = YES;
				CLANG_WARN_OBJC_ROOT_CLASS = YES_ERROR;
				CLANG_WARN_UNREACHABLE_CODE = YES;
				CLANG_WARN__DUPLICATE_METHOD_MATCH = YES;
				"CODE_SIGN_IDENTITY[sdk=iphoneos*]" = "iPhone Developer";
				COPY_PHASE_STRIP = NO;
				DEBUG_INFORMATION_FORMAT = "dwarf-with-dsym";
				ENABLE_NS_ASSERTIONS = NO;
				ENABLE_STRICT_OBJC_MSGSEND = YES;
				GCC_C_LANGUAGE_STANDARD = gnu99;
				GCC_NO_COMMON_BLOCKS = YES;
				GCC_WARN_64_TO_32_BIT_CONVERSION = YES;
				GCC_WARN_ABOUT_RETURN_TYPE = YES_ERROR;
				GCC_WARN_UNDECLARED_SELECTOR = YES;
				GCC_WARN_UNINITIALIZED_AUTOS = YES_AGGRESSIVE;
				GCC_WARN_UNUSED_FUNCTION = YES;
				GCC_WARN_UNUSED_VARIABLE = YES;
				IPHONEOS_DEPLOYMENT_TARGET = 9.2;
				MTL_ENABLE_DEBUG_INFO = NO;
				SDKROOT = iphoneos;
				VALIDATE_PRODUCT = YES;
			};
			name = Release;
		};
		B424ACCF1C28769A001C05A1 /* Debug */ = {
			isa = XCBuildConfiguration;
			baseConfigurationReference = DCA0738139A4CAB430CC39FE /* Pods-PonyFaces.debug.xcconfig */;
			buildSettings = {
				ASSETCATALOG_COMPILER_APPICON_NAME = AppIcon;
				INFOPLIST_FILE = PonyFaces/Info.plist;
				LD_RUNPATH_SEARCH_PATHS = "$(inherited) @executable_path/Frameworks";
				PRODUCT_BUNDLE_IDENTIFIER = com.amolloy.PonyFaces;
				PRODUCT_NAME = "$(TARGET_NAME)";
			};
			name = Debug;
		};
		B424ACD01C28769A001C05A1 /* Release */ = {
			isa = XCBuildConfiguration;
			baseConfigurationReference = B6E42F6C27DF1F60B936C8ED /* Pods-PonyFaces.release.xcconfig */;
			buildSettings = {
				ASSETCATALOG_COMPILER_APPICON_NAME = AppIcon;
				INFOPLIST_FILE = PonyFaces/Info.plist;
				LD_RUNPATH_SEARCH_PATHS = "$(inherited) @executable_path/Frameworks";
				PRODUCT_BUNDLE_IDENTIFIER = com.amolloy.PonyFaces;
				PRODUCT_NAME = "$(TARGET_NAME)";
			};
			name = Release;
		};
/* End XCBuildConfiguration section */

/* Begin XCConfigurationList section */
		B424ACAF1C28769A001C05A1 /* Build configuration list for PBXProject "PonyFaces" */ = {
			isa = XCConfigurationList;
			buildConfigurations = (
				B424ACCC1C28769A001C05A1 /* Debug */,
				B424ACCD1C28769A001C05A1 /* Release */,
			);
			defaultConfigurationIsVisible = 0;
			defaultConfigurationName = Release;
		};
		B424ACCE1C28769A001C05A1 /* Build configuration list for PBXNativeTarget "PonyFaces" */ = {
			isa = XCConfigurationList;
			buildConfigurations = (
				B424ACCF1C28769A001C05A1 /* Debug */,
				B424ACD01C28769A001C05A1 /* Release */,
			);
			defaultConfigurationIsVisible = 0;
			defaultConfigurationName = Release;
		};
/* End XCConfigurationList section */
	};
	rootObject = B424ACAC1C28769A001C05A1 /* Project object */;
}
